{
    "name": "aspiesoft-intellij-theme",
    "version": "1.0.0",
    "lockfileVersion": 2,
    "requires": true,
    "packages": {
        "": {
            "name": "aspiesoft-intellij-theme",
            "version": "1.0.0",
            "license": "MIT",
            "engines": {
                "vscode": "^1.65.0"
            }
        }
    }
}
